// !$*UTF8*$!
{
	archiveVersion = 1;
	classes = {
	};
	objectVersion = 46;
	objects = {

/* Begin PBXBuildFile section */
		83DC22351B285EF300821642 /* main.m in Sources */ = {isa = PBXBuildFile; fileRef = 83DC22341B285EF300821642 /* main.m */; };
		83DC22381B285EF300821642 /* AppDelegate.m in Sources */ = {isa = PBXBuildFile; fileRef = 83DC22371B285EF300821642 /* AppDelegate.m */; };
		83DC22401B285EF300821642 /* Images.xcassets in Resources */ = {isa = PBXBuildFile; fileRef = 83DC223F1B285EF300821642 /* Images.xcassets */; };
		83DC22431B285EF300821642 /* LaunchScreen.xib in Resources */ = {isa = PBXBuildFile; fileRef = 83DC22411B285EF300821642 /* LaunchScreen.xib */; };
		83DC224F1B285EF400821642 /* HypnosisterTests.m in Sources */ = {isa = PBXBuildFile; fileRef = 83DC224E1B285EF400821642 /* HypnosisterTests.m */; };
		83DC225A1B28638E00821642 /* HypnosisView.m in Sources */ = {isa = PBXBuildFile; fileRef = 83DC22591B28638E00821642 /* HypnosisView.m */; };
/* End PBXBuildFile section */

/* Begin PBXContainerItemProxy section */
		83DC22491B285EF400821642 /* PBXContainerItemProxy */ = {
			isa = PBXContainerItemProxy;
			containerPortal = 83DC22271B285EF300821642 /* Project object */;
			proxyType = 1;
			remoteGlobalIDString = 83DC222E1B285EF300821642;
			remoteInfo = Hypnosister;
		};
/* End PBXContainerItemProxy section */

/* Begin PBXFileReference section */
		83DC222F1B285EF300821642 /* Hypnosister.app */ = {isa = PBXFileReference; explicitFileType = wrapper.application; includeInIndex = 0; path = Hypnosister.app; sourceTree = BUILT_PRODUCTS_DIR; };
		83DC22331B285EF300821642 /* Info.plist */ = {isa = PBXFileReference; lastKnownFileType = text.plist.xml; path = Info.plist; sourceTree = "<group>"; };
		83DC22341B285EF300821642 /* main.m */ = {isa = PBXFileReference; lastKnownFileType = sourcecode.c.objc; path = main.m; sourceTree = "<group>"; };
		83DC22361B285EF300821642 /* AppDelegate.h */ = {isa = PBXFileReference; lastKnownFileType = sourcecode.c.h; path = AppDelegate.h; sourceTree = "<group>"; };
		83DC22371B285EF300821642 /* AppDelegate.m */ = {isa = PBXFileReference; lastKnownFileType = sourcecode.c.objc; path = AppDelegate.m; sourceTree = "<group>"; };
		83DC223F1B285EF300821642 /* Images.xcassets */ = {isa = PBXFileReference; lastKnownFileType = folder.assetcatalog; path = Images.xcassets; sourceTree = "<group>"; };
		83DC22421B285EF300821642 /* Base */ = {isa = PBXFileReference; lastKnownFileType = file.xib; name = Base; path = Base.lproj/LaunchScreen.xib; sourceTree = "<group>"; };
		83DC22481B285EF400821642 /* HypnosisterTests.xctest */ = {isa = PBXFileReference; explicitFileType = wrapper.cfbundle; includeInIndex = 0; path = HypnosisterTests.xctest; sourceTree = BUILT_PRODUCTS_DIR; };
		83DC224D1B285EF400821642 /* Info.plist */ = {isa = PBXFileReference; lastKnownFileType = text.plist.xml; path = Info.plist; sourceTree = "<group>"; };
		83DC224E1B285EF400821642 /* HypnosisterTests.m */ = {isa = PBXFileReference; lastKnownFileType = sourcecode.c.objc; path = HypnosisterTests.m; sourceTree = "<group>"; };
		83DC22581B28638E00821642 /* HypnosisView.h */ = {isa = PBXFileReference; fileEncoding = 4; lastKnownFileType = sourcecode.c.h; path = HypnosisView.h; sourceTree = "<group>"; };
		83DC22591B28638E00821642 /* HypnosisView.m */ = {isa = PBXFileReference; fileEncoding = 4; lastKnownFileType = sourcecode.c.objc; path = HypnosisView.m; sourceTree = "<group>"; };
/* End PBXFileReference section */

/* Begin PBXFrameworksBuildPhase section */
		83DC222C1B285EF300821642 /* Frameworks */ = {
			isa = PBXFrameworksBuildPhase;
			buildActionMask = 2147483647;
			files = (
			);
			runOnlyForDeploymentPostprocessing = 0;
		};
		83DC22451B285EF400821642 /* Frameworks */ = {
			isa = PBXFrameworksBuildPhase;
			buildActionMask = 2147483647;
			files = (
			);
			runOnlyForDeploymentPostprocessing = 0;
		};
/* End PBXFrameworksBuildPhase section */

/* Begin PBXGroup section */
		83DC22261B285EF300821642 = {
			isa = PBXGroup;
			children = (
				83DC22311B285EF300821642 /* Hypnosister */,
				83DC224B1B285EF400821642 /* HypnosisterTests */,
				83DC22301B285EF300821642 /* Products */,
			);
			sourceTree = "<group>";
		};
		83DC22301B285EF300821642 /* Products */ = {
			isa = PBXGroup;
			children = (
				83DC222F1B285EF300821642 /* Hypnosister.app */,
				83DC22481B285EF400821642 /* HypnosisterTests.xctest */,
			);
			name = Products;
			sourceTree = "<group>";
		};
		83DC22311B285EF300821642 /* Hypnosister */ = {
			isa = PBXGroup;
			children = (
				83DC22361B285EF300821642 /* AppDelegate.h */,
				83DC22371B285EF300821642 /* AppDelegate.m */,
				83DC223F1B285EF300821642 /* Images.xcassets */,
				83DC22411B285EF300821642 /* LaunchScreen.xib */,
				83DC22321B285EF300821642 /* Supporting Files */,
				83DC22581B28638E00821642 /* HypnosisView.h */,
				83DC22591B28638E00821642 /* HypnosisView.m */,
			);
			path = Hypnosister;
			sourceTree = "<group>";
		};
		83DC22321B285EF300821642 /* Supporting Files */ = {
			isa = PBXGroup;
			children = (
				83DC22331B285EF300821642 /* Info.plist */,
				83DC22341B285EF300821642 /* main.m */,
			);
			name = "Supporting Files";
			sourceTree = "<group>";
		};
		83DC224B1B285EF400821642 /* HypnosisterTests */ = {
			isa = PBXGroup;
			children = (
				83DC224E1B285EF400821642 /* HypnosisterTests.m */,
				83DC224C1B285EF400821642 /* Supporting Files */,
			);
			path = HypnosisterTests;
			sourceTree = "<group>";
		};
		83DC224C1B285EF400821642 /* Supporting Files */ = {
			isa = PBXGroup;
			children = (
				83DC224D1B285EF400821642 /* Info.plist */,
			);
			name = "Supporting Files";
			sourceTree = "<group>";
		};
/* End PBXGroup section */

/* Begin PBXNativeTarget section */
		83DC222E1B285EF300821642 /* Hypnosister */ = {
			isa = PBXNativeTarget;
			buildConfigurationList = 83DC22521B285EF400821642 /* Build configuration list for PBXNativeTarget "Hypnosister" */;
			buildPhases = (
				83DC222B1B285EF300821642 /* Sources */,
				83DC222C1B285EF300821642 /* Frameworks */,
				83DC222D1B285EF300821642 /* Resources */,
			);
			buildRules = (
			);
			dependencies = (
			);
			name = Hypnosister;
			productName = Hypnosister;
			productReference = 83DC222F1B285EF300821642 /* Hypnosister.app */;
			productType = "com.apple.product-type.application";
		};
		83DC22471B285EF400821642 /* HypnosisterTests */ = {
			isa = PBXNativeTarget;
			buildConfigurationList = 83DC22551B285EF400821642 /* Build configuration list for PBXNativeTarget "HypnosisterTests" */;
			buildPhases = (
				83DC22441B285EF400821642 /* Sources */,
				83DC22451B285EF400821642 /* Frameworks */,
				83DC22461B285EF400821642 /* Resources */,
			);
			buildRules = (
			);
			dependencies = (
				83DC224A1B285EF400821642 /* PBXTargetDependency */,
			);
			name = HypnosisterTests;
			productName = HypnosisterTests;
			productReference = 83DC22481B285EF400821642 /* HypnosisterTests.xctest */;
			productType = "com.apple.product-type.bundle.unit-test";
		};
/* End PBXNativeTarget section */

/* Begin PBXProject section */
		83DC22271B285EF300821642 /* Project object */ = {
			isa = PBXProject;
			attributes = {
				LastUpgradeCheck = 0630;
				ORGANIZATIONNAME = "Big Nerd Ranch";
				TargetAttributes = {
					83DC222E1B285EF300821642 = {
						CreatedOnToolsVersion = 6.3.2;
					};
					83DC22471B285EF400821642 = {
						CreatedOnToolsVersion = 6.3.2;
						TestTargetID = 83DC222E1B285EF300821642;
					};
				};
			};
			buildConfigurationList = 83DC222A1B285EF300821642 /* Build configuration list for PBXProject "Hypnosister" */;
			compatibilityVersion = "Xcode 3.2";
			developmentRegion = English;
			hasScannedForEncodings = 0;
			knownRegions = (
				en,
				Base,
			);
			mainGroup = 83DC22261B285EF300821642;
			productRefGroup = 83DC22301B285EF300821642 /* Products */;
			projectDirPath = "";
			projectRoot = "";
			targets = (
				83DC222E1B285EF300821642 /* Hypnosister */,
				83DC22471B285EF400821642 /* HypnosisterTests */,
			);
		};
/* End PBXProject section */

/* Begin PBXResourcesBuildPhase section */
		83DC222D1B285EF300821642 /* Resources */ = {
			isa = PBXResourcesBuildPhase;
			buildActionMask = 2147483647;
			files = (
				83DC22431B285EF300821642 /* LaunchScreen.xib in Resources */,
				83DC22401B285EF300821642 /* Images.xcassets in Resources */,
			);
			runOnlyForDeploymentPostprocessing = 0;
		};
		83DC22461B285EF400821642 /* Resources */ = {
			isa = PBXResourcesBuildPhase;
			buildActionMask = 2147483647;
			files = (
			);
			runOnlyForDeploymentPostprocessing = 0;
		};
/* End PBXResourcesBuildPhase section */

/* Begin PBXSourcesBuildPhase section */
		83DC222B1B285EF300821642 /* Sources */ = {
			isa = PBXSourcesBuildPhase;
			buildActionMask = 2147483647;
			files = (
				83DC22381B285EF300821642 /* AppDelegate.m in Sources */,
				83DC22351B285EF300821642 /* main.m in Sources */,
				83DC225A1B28638E00821642 /* HypnosisView.m in Sources */,
			);
			runOnlyForDeploymentPostprocessing = 0;
		};
		83DC22441B285EF400821642 /* Sources */ = {
			isa = PBXSourcesBuildPhase;
			buildActionMask = 2147483647;
			files = (
				83DC224F1B285EF400821642 /* HypnosisterTests.m in Sources */,
			);
			runOnlyForDeploymentPostprocessing = 0;
		};
/* End PBXSourcesBuildPhase section */

/* Begin PBXTargetDependency section */
		83DC224A1B285EF400821642 /* PBXTargetDependency */ = {
			isa = PBXTargetDependency;
			target = 83DC222E1B285EF300821642 /* Hypnosister */;
			targetProxy = 83DC22491B285EF400821642 /* PBXContainerItemProxy */;
		};
/* End PBXTargetDependency section */

/* Begin PBXVariantGroup section */
		83DC22411B285EF300821642 /* LaunchScreen.xib */ = {
			isa = PBXVariantGroup;
			children = (
				83DC22421B285EF300821642 /* Base */,
			);
			name = LaunchScreen.xib;
			sourceTree = "<group>";
		};
/* End PBXVariantGroup section */

/* Begin XCBuildConfiguration section */
		83DC22501B285EF400821642 /* Debug */ = {
			isa = XCBuildConfiguration;
			buildSettings = {
				ALWAYS_SEARCH_USER_PATHS = NO;
				CLANG_CXX_LANGUAGE_STANDARD = "gnu++0x";
				CLANG_CXX_LIBRARY = "libc++";
				CLANG_ENABLE_MODULES = YES;
				CLANG_ENABLE_OBJC_ARC = YES;
				CLANG_WARN_BOOL_CONVERSION = YES;
				CLANG_WARN_CONSTANT_CONVERSION = YES;
				CLANG_WARN_DIRECT_OBJC_ISA_USAGE = YES_ERROR;
				CLANG_WARN_EMPTY_BODY = YES;
				CLANG_WARN_ENUM_CONVERSION = YES;
				CLANG_WARN_INT_CONVERSION = YES;
				CLANG_WARN_OBJC_ROOT_CLASS = YES_ERROR;
				CLANG_WARN_UNREACHABLE_CODE = YES;
				CLANG_WARN__DUPLICATE_METHOD_MATCH = YES;
				"CODE_SIGN_IDENTITY[sdk=iphoneos*]" = "iPhone Developer";
				COPY_PHASE_STRIP = NO;
				DEBUG_INFORMATION_FORMAT = "dwarf-with-dsym";
				ENABLE_STRICT_OBJC_MSGSEND = YES;
				GCC_C_LANGUAGE_STANDARD = gnu99;
				GCC_DYNAMIC_NO_PIC = NO;
				GCC_NO_COMMON_BLOCKS = YES;
				GCC_OPTIMIZATION_LEVEL = 0;
				GCC_PREPROCESSOR_DEFINITIONS = (
					"DEBUG=1",
					"$(inherited)",
				);
				GCC_SYMBOLS_PRIVATE_EXTERN = NO;
				GCC_WARN_64_TO_32_BIT_CONVERSION = YES;
				GCC_WARN_ABOUT_RETURN_TYPE = YES_ERROR;
				GCC_WARN_UNDECLARED_SELECTOR = YES;
				GCC_WARN_UNINITIALIZED_AUTOS = YES_AGGRESSIVE;
				GCC_WARN_UNUSED_FUNCTION = YES;
				GCC_WARN_UNUSED_VARIABLE = YES;
				IPHONEOS_DEPLOYMENT_TARGET = 8.3;
				MTL_ENABLE_DEBUG_INFO = YES;
				ONLY_ACTIVE_ARCH = YES;
				SDKROOT = iphoneos;
			};
			name = Debug;
		};
		83DC22511B285EF400821642 /* Release */ = {
			isa = XCBuildConfiguration;
			buildSettings = {
				ALWAYS_SEARCH_USER_PATHS = NO;
				CLANG_CXX_LANGUAGE_STANDARD = "gnu++0x";
				CLANG_CXX_LIBRARY = "libc++";
				CLANG_ENABLE_MODULES = YES;
				CLANG_ENABLE_OBJC_ARC = YES;
				CLANG_WARN_BOOL_CONVERSION = YES;
				CLANG_WARN_CONSTANT_CONVERSION = YES;
				CLANG_WARN_DIRECT_OBJC_ISA_USAGE = YES_ERROR;
				CLANG_WARN_EMPTY_BODY = YES;
				CLANG_WARN_ENUM_CONVERSION = YES;
				CLANG_WARN_INT_CONVERSION = YES;
				CLANG_WARN_OBJC_ROOT_CLASS = YES_ERROR;
				CLANG_WARN_UNREACHABLE_CODE = YES;
				CLANG_WARN__DUPLICATE_METHOD_MATCH = YES;
				"CODE_SIGN_IDENTITY[sdk=iphoneos*]" = "iPhone Developer";
				COPY_PHASE_STRIP = NO;
				DEBUG_INFORMATION_FORMAT = "dwarf-with-dsym";
				ENABLE_NS_ASSERTIONS = NO;
				ENABLE_STRICT_OBJC_MSGSEND = YES;
				GCC_C_LANGUAGE_STANDARD = gnu99;
				GCC_NO_COMMON_BLOCKS = YES;
				GCC_WARN_64_TO_32_BIT_CONVERSION = YES;
				GCC_WARN_ABOUT_RETURN_TYPE = YES_ERROR;
				GCC_WARN_UNDECLARED_SELECTOR = YES;
				GCC_WARN_UNINITIALIZED_AUTOS = YES_AGGRESSIVE;
				GCC_WARN_UNUSED_FUNCTION = YES;
				GCC_WARN_UNUSED_VARIABLE = YES;
				IPHONEOS_DEPLOYMENT_TARGET = 8.3;
				MTL_ENABLE_DEBUG_INFO = NO;
				SDKROOT = iphoneos;
				VALIDATE_PRODUCT = YES;
			};
			name = Release;
		};
		83DC22531B285EF400821642 /* Debug */ = {
			isa = XCBuildConfiguration;
			buildSettings = {
				ASSETCATALOG_COMPILER_APPICON_NAME = AppIcon;
				INFOPLIST_FILE = Hypnosister/Info.plist;
				LD_RUNPATH_SEARCH_PATHS = "$(inherited) @executable_path/Frameworks";
				PRODUCT_NAME = "$(TARGET_NAME)";
			};
			name = Debug;
		};
		83DC22541B285EF400821642 /* Release */ = {
			isa = XCBuildConfiguration;
			buildSettings = {
				ASSETCATALOG_COMPILER_APPICON_NAME = AppIcon;
				INFOPLIST_FILE = Hypnosister/Info.plist;
				LD_RUNPATH_SEARCH_PATHS = "$(inherited) @executable_path/Frameworks";
				PRODUCT_NAME = "$(TARGET_NAME)";
			};
			name = Release;
		};
		83DC22561B285EF400821642 /* Debug */ = {
			isa = XCBuildConfiguration;
			buildSettings = {
				BUNDLE_LOADER = "$(TEST_HOST)";
				FRAMEWORK_SEARCH_PATHS = (
					"$(SDKROOT)/Developer/Library/Frameworks",
					"$(inherited)",
				);
				GCC_PREPROCESSOR_DEFINITIONS = (
					"DEBUG=1",
					"$(inherited)",
				);
				INFOPLIST_FILE = HypnosisterTests/Info.plist;
				LD_RUNPATH_SEARCH_PATHS = "$(inherited) @executable_path/Frameworks @loader_path/Frameworks";
				PRODUCT_NAME = "$(TARGET_NAME)";
				TEST_HOST = "$(BUILT_PRODUCTS_DIR)/Hypnosister.app/Hypnosister";
			};
			name = Debug;
		};
		83DC22571B285EF400821642 /* Release */ = {
			isa = XCBuildConfiguration;
			buildSettings = {
				BUNDLE_LOADER = "$(TEST_HOST)";
				FRAMEWORK_SEARCH_PATHS = (
					"$(SDKROOT)/Developer/Library/Frameworks",
					"$(inherited)",
				);
				INFOPLIST_FILE = HypnosisterTests/Info.plist;
				LD_RUNPATH_SEARCH_PATHS = "$(inherited) @executable_path/Frameworks @loader_path/Frameworks";
				PRODUCT_NAME = "$(TARGET_NAME)";
				TEST_HOST = "$(BUILT_PRODUCTS_DIR)/Hypnosister.app/Hypnosister";
			};
			name = Release;
		};
/* End XCBuildConfiguration section */

/* Begin XCConfigurationList section */
		83DC222A1B285EF300821642 /* Build configuration list for PBXProject "Hypnosister" */ = {
			isa = XCConfigurationList;
			buildConfigurations = (
				83DC22501B285EF400821642 /* Debug */,
				83DC22511B285EF400821642 /* Release */,
			);
			defaultConfigurationIsVisible = 0;
			defaultConfigurationName = Release;
		};
		83DC22521B285EF400821642 /* Build configuration list for PBXNativeTarget "Hypnosister" */ = {
			isa = XCConfigurationList;
			buildConfigurations = (
				83DC22531B285EF400821642 /* Debug */,
				83DC22541B285EF400821642 /* Release */,
			);
			defaultConfigurationIsVisible = 0;
			defaultConfigurationName = Release;
		};
		83DC22551B285EF400821642 /* Build configuration list for PBXNativeTarget "HypnosisterTests" */ = {
			isa = XCConfigurationList;
			buildConfigurations = (
				83DC22561B285EF400821642 /* Debug */,
				83DC22571B285EF400821642 /* Release */,
			);
			defaultConfigurationIsVisible = 0;
			defaultConfigurationName = Release;
		};
/* End XCConfigurationList section */
	};
	rootObject = 83DC22271B285EF300821642 /* Project object */;
}
